// !$*UTF8*$!
{
	archiveVersion = 1;
	classes = {
	};
	objectVersion = 46;
	objects = {

/* Begin PBXBuildFile section */
		414898291FB593B900323454 /* RCTBackgroundGeolocationTests.m in Sources */ = {isa = PBXBuildFile; fileRef = 414898281FB593B900323454 /* RCTBackgroundGeolocationTests.m */; };
		4148982B1FB593B900323454 /* libRCTBackgroundGeolocation.a in Frameworks */ = {isa = PBXBuildFile; fileRef = 418F75461D02DC3D0045FEA0 /* libRCTBackgroundGeolocation.a */; };
		418F754A1D02DC3D0045FEA0 /* RCTBackgroundGeolocation.h in CopyFiles */ = {isa = PBXBuildFile; fileRef = 418F75491D02DC3D0045FEA0 /* RCTBackgroundGeolocation.h */; };
		418F754C1D02DC3D0045FEA0 /* RCTBackgroundGeolocation.m in Sources */ = {isa = PBXBuildFile; fileRef = 418F754B1D02DC3D0045FEA0 /* RCTBackgroundGeolocation.m */; };
		4198B2691FB0D4EB00DCC96D /* RCTBackgroundGeolocation.h in Sources */ = {isa = PBXBuildFile; fileRef = 418F75491D02DC3D0045FEA0 /* RCTBackgroundGeolocation.h */; };
		41E82EA11D5E4F9E00F65575 /* CoreLocation.framework in Frameworks */ = {isa = PBXBuildFile; fileRef = 41E82EA01D5E4F9E00F65575 /* CoreLocation.framework */; };
/* End PBXBuildFile section */

/* Begin PBXContainerItemProxy section */
		4148982C1FB593B900323454 /* PBXContainerItemProxy */ = {
			isa = PBXContainerItemProxy;
			containerPortal = 418F753E1D02DC3D0045FEA0 /* Project object */;
			proxyType = 1;
			remoteGlobalIDString = 418F75451D02DC3D0045FEA0;
			remoteInfo = RCTBackgroundGeolocation;
		};
/* End PBXContainerItemProxy section */

/* Begin PBXCopyFilesBuildPhase section */
		418F75441D02DC3D0045FEA0 /* CopyFiles */ = {
			isa = PBXCopyFilesBuildPhase;
			buildActionMask = 2147483647;
			dstPath = "include/$(PRODUCT_NAME)";
			dstSubfolderSpec = 16;
			files = (
				418F754A1D02DC3D0045FEA0 /* RCTBackgroundGeolocation.h in CopyFiles */,
			);
			runOnlyForDeploymentPostprocessing = 0;
		};
/* End PBXCopyFilesBuildPhase section */

/* Begin PBXFileReference section */
		414898261FB593B900323454 /* RCTBackgroundGeolocationTests.xctest */ = {isa = PBXFileReference; explicitFileType = wrapper.cfbundle; includeInIndex = 0; path = RCTBackgroundGeolocationTests.xctest; sourceTree = BUILT_PRODUCTS_DIR; };
		414898281FB593B900323454 /* RCTBackgroundGeolocationTests.m */ = {isa = PBXFileReference; lastKnownFileType = sourcecode.c.objc; path = RCTBackgroundGeolocationTests.m; sourceTree = "<group>"; };
		4148982A1FB593B900323454 /* Info.plist */ = {isa = PBXFileReference; lastKnownFileType = text.plist.xml; path = Info.plist; sourceTree = "<group>"; };
		418F75461D02DC3D0045FEA0 /* libRCTBackgroundGeolocation.a */ = {isa = PBXFileReference; explicitFileType = archive.ar; includeInIndex = 0; path = libRCTBackgroundGeolocation.a; sourceTree = BUILT_PRODUCTS_DIR; };
		418F75491D02DC3D0045FEA0 /* RCTBackgroundGeolocation.h */ = {isa = PBXFileReference; lastKnownFileType = sourcecode.c.h; path = RCTBackgroundGeolocation.h; sourceTree = "<group>"; };
		418F754B1D02DC3D0045FEA0 /* RCTBackgroundGeolocation.m */ = {isa = PBXFileReference; lastKnownFileType = sourcecode.c.objc; path = RCTBackgroundGeolocation.m; sourceTree = "<group>"; };
		41E82EA01D5E4F9E00F65575 /* CoreLocation.framework */ = {isa = PBXFileReference; lastKnownFileType = wrapper.framework; name = CoreLocation.framework; path = System/Library/Frameworks/CoreLocation.framework; sourceTree = SDKROOT; };
/* End PBXFileReference section */

/* Begin PBXFrameworksBuildPhase section */
		414898231FB593B900323454 /* Frameworks */ = {
			isa = PBXFrameworksBuildPhase;
			buildActionMask = 2147483647;
			files = (
				4148982B1FB593B900323454 /* libRCTBackgroundGeolocation.a in Frameworks */,
			);
			runOnlyForDeploymentPostprocessing = 0;
		};
		418F75431D02DC3D0045FEA0 /* Frameworks */ = {
			isa = PBXFrameworksBuildPhase;
			buildActionMask = 2147483647;
			files = (
				41E82EA11D5E4F9E00F65575 /* CoreLocation.framework in Frameworks */,
			);
			runOnlyForDeploymentPostprocessing = 0;
		};
/* End PBXFrameworksBuildPhase section */

/* Begin PBXGroup section */
		414898271FB593B900323454 /* RCTBackgroundGeolocationTests */ = {
			isa = PBXGroup;
			children = (
				414898281FB593B900323454 /* RCTBackgroundGeolocationTests.m */,
				4148982A1FB593B900323454 /* Info.plist */,
			);
			path = RCTBackgroundGeolocationTests;
			sourceTree = "<group>";
		};
		418F753D1D02DC3D0045FEA0 = {
			isa = PBXGroup;
			children = (
				41E82EA01D5E4F9E00F65575 /* CoreLocation.framework */,
				418F75481D02DC3D0045FEA0 /* RCTBackgroundGeolocation */,
				414898271FB593B900323454 /* RCTBackgroundGeolocationTests */,
				418F75471D02DC3D0045FEA0 /* Products */,
			);
			sourceTree = "<group>";
		};
		418F75471D02DC3D0045FEA0 /* Products */ = {
			isa = PBXGroup;
			children = (
				418F75461D02DC3D0045FEA0 /* libRCTBackgroundGeolocation.a */,
				414898261FB593B900323454 /* RCTBackgroundGeolocationTests.xctest */,
			);
			name = Products;
			sourceTree = "<group>";
		};
		418F75481D02DC3D0045FEA0 /* RCTBackgroundGeolocation */ = {
			isa = PBXGroup;
			children = (
				418F75491D02DC3D0045FEA0 /* RCTBackgroundGeolocation.h */,
				418F754B1D02DC3D0045FEA0 /* RCTBackgroundGeolocation.m */,
			);
			path = RCTBackgroundGeolocation;
			sourceTree = "<group>";
		};
/* End PBXGroup section */

/* Begin PBXNativeTarget section */
		414898251FB593B900323454 /* RCTBackgroundGeolocationTests */ = {
			isa = PBXNativeTarget;
			buildConfigurationList = 414898301FB593B900323454 /* Build configuration list for PBXNativeTarget "RCTBackgroundGeolocationTests" */;
			buildPhases = (
				414898221FB593B900323454 /* Sources */,
				414898231FB593B900323454 /* Frameworks */,
				414898241FB593B900323454 /* Resources */,
			);
			buildRules = (
			);
			dependencies = (
				4148982D1FB593B900323454 /* PBXTargetDependency */,
			);
			name = RCTBackgroundGeolocationTests;
			productName = RCTBackgroundGeolocationTests;
			productReference = 414898261FB593B900323454 /* RCTBackgroundGeolocationTests.xctest */;
			productType = "com.apple.product-type.bundle.unit-test";
		};
		418F75451D02DC3D0045FEA0 /* RCTBackgroundGeolocation */ = {
			isa = PBXNativeTarget;
			buildConfigurationList = 418F754F1D02DC3D0045FEA0 /* Build configuration list for PBXNativeTarget "RCTBackgroundGeolocation" */;
			buildPhases = (
				418F75421D02DC3D0045FEA0 /* Sources */,
				418F75431D02DC3D0045FEA0 /* Frameworks */,
				418F75441D02DC3D0045FEA0 /* CopyFiles */,
			);
			buildRules = (
			);
			dependencies = (
			);
			name = RCTBackgroundGeolocation;
			productName = RCTBackgroundGeolocation;
			productReference = 418F75461D02DC3D0045FEA0 /* libRCTBackgroundGeolocation.a */;
			productType = "com.apple.product-type.library.static";
		};
/* End PBXNativeTarget section */

/* Begin PBXProject section */
		418F753E1D02DC3D0045FEA0 /* Project object */ = {
			isa = PBXProject;
			attributes = {
				LastUpgradeCheck = 0730;
				ORGANIZATIONNAME = mauron85;
				TargetAttributes = {
					414898251FB593B900323454 = {
						CreatedOnToolsVersion = 9.0;
						ProvisioningStyle = Automatic;
					};
					418F75451D02DC3D0045FEA0 = {
						CreatedOnToolsVersion = 7.3.1;
					};
				};
			};
			buildConfigurationList = 418F75411D02DC3D0045FEA0 /* Build configuration list for PBXProject "RCTBackgroundGeolocation" */;
			compatibilityVersion = "Xcode 3.2";
			developmentRegion = English;
			hasScannedForEncodings = 0;
			knownRegions = (
				en,
			);
			mainGroup = 418F753D1D02DC3D0045FEA0;
			productRefGroup = 418F75471D02DC3D0045FEA0 /* Products */;
			projectDirPath = "";
			projectRoot = "";
			targets = (
				418F75451D02DC3D0045FEA0 /* RCTBackgroundGeolocation */,
				414898251FB593B900323454 /* RCTBackgroundGeolocationTests */,
			);
		};
/* End PBXProject section */

/* Begin PBXResourcesBuildPhase section */
		414898241FB593B900323454 /* Resources */ = {
			isa = PBXResourcesBuildPhase;
			buildActionMask = 2147483647;
			files = (
			);
			runOnlyForDeploymentPostprocessing = 0;
		};
/* End PBXResourcesBuildPhase section */

/* Begin PBXSourcesBuildPhase section */
		414898221FB593B900323454 /* Sources */ = {
			isa = PBXSourcesBuildPhase;
			buildActionMask = 2147483647;
			files = (
				414898291FB593B900323454 /* RCTBackgroundGeolocationTests.m in Sources */,
			);
			runOnlyForDeploymentPostprocessing = 0;
		};
		418F75421D02DC3D0045FEA0 /* Sources */ = {
			isa = PBXSourcesBuildPhase;
			buildActionMask = 2147483647;
			files = (
				4198B2691FB0D4EB00DCC96D /* RCTBackgroundGeolocation.h in Sources */,
				418F754C1D02DC3D0045FEA0 /* RCTBackgroundGeolocation.m in Sources */,
			);
			runOnlyForDeploymentPostprocessing = 0;
		};
/* End PBXSourcesBuildPhase section */

/* Begin PBXTargetDependency section */
		4148982D1FB593B900323454 /* PBXTargetDependency */ = {
			isa = PBXTargetDependency;
			target = 418F75451D02DC3D0045FEA0 /* RCTBackgroundGeolocation */;
			targetProxy = 4148982C1FB593B900323454 /* PBXContainerItemProxy */;
		};
/* End PBXTargetDependency section */

/* Begin XCBuildConfiguration section */
		4148982E1FB593B900323454 /* Debug */ = {
			isa = XCBuildConfiguration;
			buildSettings = {
				CLANG_ANALYZER_NUMBER_OBJECT_CONVERSION = YES_AGGRESSIVE;
				CLANG_CXX_LANGUAGE_STANDARD = "gnu++14";
				CLANG_WARN_BLOCK_CAPTURE_AUTORELEASING = YES;
				CLANG_WARN_COMMA = YES;
				CLANG_WARN_DOCUMENTATION_COMMENTS = YES;
				CLANG_WARN_INFINITE_RECURSION = YES;
				CLANG_WARN_NON_LITERAL_NULL_CONVERSION = YES;
				CLANG_WARN_OBJC_LITERAL_CONVERSION = YES;
				CLANG_WARN_RANGE_LOOP_ANALYSIS = YES;
				CLANG_WARN_STRICT_PROTOTYPES = YES;
				CLANG_WARN_SUSPICIOUS_MOVE = YES;
				CLANG_WARN_UNGUARDED_AVAILABILITY = YES_AGGRESSIVE;
				CODE_SIGN_IDENTITY = "iPhone Developer";
				CODE_SIGN_STYLE = Automatic;
				GCC_C_LANGUAGE_STANDARD = gnu11;
				INFOPLIST_FILE = RCTBackgroundGeolocationTests/Info.plist;
				IPHONEOS_DEPLOYMENT_TARGET = 11.0;
				LD_RUNPATH_SEARCH_PATHS = "$(inherited) @executable_path/Frameworks @loader_path/Frameworks";
				PRODUCT_BUNDLE_IDENTIFIER = com.marianhello.RCTBackgroundGeolocationTests;
				PRODUCT_NAME = "$(TARGET_NAME)";
				TARGETED_DEVICE_FAMILY = "1,2";
			};
			name = Debug;
		};
		4148982F1FB593B900323454 /* Release */ = {
			isa = XCBuildConfiguration;
			buildSettings = {
				CLANG_ANALYZER_NUMBER_OBJECT_CONVERSION = YES_AGGRESSIVE;
				CLANG_CXX_LANGUAGE_STANDARD = "gnu++14";
				CLANG_WARN_BLOCK_CAPTURE_AUTORELEASING = YES;
				CLANG_WARN_COMMA = YES;
				CLANG_WARN_DOCUMENTATION_COMMENTS = YES;
				CLANG_WARN_INFINITE_RECURSION = YES;
				CLANG_WARN_NON_LITERAL_NULL_CONVERSION = YES;
				CLANG_WARN_OBJC_LITERAL_CONVERSION = YES;
				CLANG_WARN_RANGE_LOOP_ANALYSIS = YES;
				CLANG_WARN_STRICT_PROTOTYPES = YES;
				CLANG_WARN_SUSPICIOUS_MOVE = YES;
				CLANG_WARN_UNGUARDED_AVAILABILITY = YES_AGGRESSIVE;
				CODE_SIGN_IDENTITY = "iPhone Developer";
				CODE_SIGN_STYLE = Automatic;
				GCC_C_LANGUAGE_STANDARD = gnu11;
				INFOPLIST_FILE = RCTBackgroundGeolocationTests/Info.plist;
				IPHONEOS_DEPLOYMENT_TARGET = 11.0;
				LD_RUNPATH_SEARCH_PATHS = "$(inherited) @executable_path/Frameworks @loader_path/Frameworks";
				PRODUCT_BUNDLE_IDENTIFIER = com.marianhello.RCTBackgroundGeolocationTests;
				PRODUCT_NAME = "$(TARGET_NAME)";
				TARGETED_DEVICE_FAMILY = "1,2";
			};
			name = Release;
		};
		418F754D1D02DC3D0045FEA0 /* Debug */ = {
			isa = XCBuildConfiguration;
			buildSettings = {
				ALWAYS_SEARCH_USER_PATHS = NO;
				CLANG_ANALYZER_NONNULL = YES;
				CLANG_CXX_LANGUAGE_STANDARD = "gnu++0x";
				CLANG_CXX_LIBRARY = "libc++";
				CLANG_ENABLE_MODULES = YES;
				CLANG_ENABLE_OBJC_ARC = YES;
				CLANG_WARN_BOOL_CONVERSION = YES;
				CLANG_WARN_CONSTANT_CONVERSION = YES;
				CLANG_WARN_DIRECT_OBJC_ISA_USAGE = YES_ERROR;
				CLANG_WARN_EMPTY_BODY = YES;
				CLANG_WARN_ENUM_CONVERSION = YES;
				CLANG_WARN_INT_CONVERSION = YES;
				CLANG_WARN_OBJC_ROOT_CLASS = YES_ERROR;
				CLANG_WARN_UNREACHABLE_CODE = YES;
				CLANG_WARN__DUPLICATE_METHOD_MATCH = YES;
				"CODE_SIGN_IDENTITY[sdk=iphoneos*]" = "iPhone Developer";
				COPY_PHASE_STRIP = NO;
				DEBUG_INFORMATION_FORMAT = dwarf;
				ENABLE_STRICT_OBJC_MSGSEND = YES;
				ENABLE_TESTABILITY = YES;
				GCC_C_LANGUAGE_STANDARD = gnu99;
				GCC_DYNAMIC_NO_PIC = NO;
				GCC_NO_COMMON_BLOCKS = YES;
				GCC_OPTIMIZATION_LEVEL = 0;
				GCC_PREPROCESSOR_DEFINITIONS = (
					"DEBUG=1",
					"$(inherited)",
				);
				GCC_WARN_64_TO_32_BIT_CONVERSION = YES;
				GCC_WARN_ABOUT_RETURN_TYPE = YES_ERROR;
				GCC_WARN_UNDECLARED_SELECTOR = YES;
				GCC_WARN_UNINITIALIZED_AUTOS = YES_AGGRESSIVE;
				GCC_WARN_UNUSED_FUNCTION = YES;
				GCC_WARN_UNUSED_VARIABLE = YES;
				IPHONEOS_DEPLOYMENT_TARGET = 9.3;
				MTL_ENABLE_DEBUG_INFO = YES;
				ONLY_ACTIVE_ARCH = YES;
				SDKROOT = iphoneos;
			};
			name = Debug;
		};
		418F754E1D02DC3D0045FEA0 /* Release */ = {
			isa = XCBuildConfiguration;
			buildSettings = {
				ALWAYS_SEARCH_USER_PATHS = NO;
				CLANG_ANALYZER_NONNULL = YES;
				CLANG_CXX_LANGUAGE_STANDARD = "gnu++0x";
				CLANG_CXX_LIBRARY = "libc++";
				CLANG_ENABLE_MODULES = YES;
				CLANG_ENABLE_OBJC_ARC = YES;
				CLANG_WARN_BOOL_CONVERSION = YES;
				CLANG_WARN_CONSTANT_CONVERSION = YES;
				CLANG_WARN_DIRECT_OBJC_ISA_USAGE = YES_ERROR;
				CLANG_WARN_EMPTY_BODY = YES;
				CLANG_WARN_ENUM_CONVERSION = YES;
				CLANG_WARN_INT_CONVERSION = YES;
				CLANG_WARN_OBJC_ROOT_CLASS = YES_ERROR;
				CLANG_WARN_UNREACHABLE_CODE = YES;
				CLANG_WARN__DUPLICATE_METHOD_MATCH = YES;
				"CODE_SIGN_IDENTITY[sdk=iphoneos*]" = "iPhone Developer";
				COPY_PHASE_STRIP = NO;
				DEBUG_INFORMATION_FORMAT = "dwarf-with-dsym";
				ENABLE_NS_ASSERTIONS = NO;
				ENABLE_STRICT_OBJC_MSGSEND = YES;
				GCC_C_LANGUAGE_STANDARD = gnu99;
				GCC_NO_COMMON_BLOCKS = YES;
				GCC_WARN_64_TO_32_BIT_CONVERSION = YES;
				GCC_WARN_ABOUT_RETURN_TYPE = YES_ERROR;
				GCC_WARN_UNDECLARED_SELECTOR = YES;
				GCC_WARN_UNINITIALIZED_AUTOS = YES_AGGRESSIVE;
				GCC_WARN_UNUSED_FUNCTION = YES;
				GCC_WARN_UNUSED_VARIABLE = YES;
				IPHONEOS_DEPLOYMENT_TARGET = 9.3;
				MTL_ENABLE_DEBUG_INFO = NO;
				SDKROOT = iphoneos;
				VALIDATE_PRODUCT = YES;
			};
			name = Release;
		};
		418F75501D02DC3D0045FEA0 /* Debug */ = {
			isa = XCBuildConfiguration;
			buildSettings = {
				HEADER_SEARCH_PATHS = (
					"$(inherited)",
					"$(SRCROOT)/../../../React/**",
					"$(SRCROOT)/../../react-native/React/**",
					"$(SRCROOT)/react-native/React/**",
				);
				OTHER_LDFLAGS = "-ObjC";
				PRODUCT_NAME = "$(TARGET_NAME)";
				SKIP_INSTALL = YES;
			};
			name = Debug;
		};
		418F75511D02DC3D0045FEA0 /* Release */ = {
			isa = XCBuildConfiguration;
			buildSettings = {
				HEADER_SEARCH_PATHS = (
					"$(inherited)",
					"$(SRCROOT)/../../../React/**",
					"$(SRCROOT)/../../react-native/React/**",
					"$(SRCROOT)/react-native/React/**",
				);
				OTHER_LDFLAGS = "-ObjC";
				PRODUCT_NAME = "$(TARGET_NAME)";
				SKIP_INSTALL = YES;
			};
			name = Release;
		};
/* End XCBuildConfiguration section */

/* Begin XCConfigurationList section */
		414898301FB593B900323454 /* Build configuration list for PBXNativeTarget "RCTBackgroundGeolocationTests" */ = {
			isa = XCConfigurationList;
			buildConfigurations = (
				4148982E1FB593B900323454 /* Debug */,
				4148982F1FB593B900323454 /* Release */,
			);
			defaultConfigurationIsVisible = 0;
			defaultConfigurationName = Release;
		};
		418F75411D02DC3D0045FEA0 /* Build configuration list for PBXProject "RCTBackgroundGeolocation" */ = {
			isa = XCConfigurationList;
			buildConfigurations = (
				418F754D1D02DC3D0045FEA0 /* Debug */,
				418F754E1D02DC3D0045FEA0 /* Release */,
			);
			defaultConfigurationIsVisible = 0;
			defaultConfigurationName = Release;
		};
		418F754F1D02DC3D0045FEA0 /* Build configuration list for PBXNativeTarget "RCTBackgroundGeolocation" */ = {
			isa = XCConfigurationList;
			buildConfigurations = (
				418F75501D02DC3D0045FEA0 /* Debug */,
				418F75511D02DC3D0045FEA0 /* Release */,
			);
			defaultConfigurationIsVisible = 0;
			defaultConfigurationName = Release;
		};
/* End XCConfigurationList section */
	};
	rootObject = 418F753E1D02DC3D0045FEA0 /* Project object */;
}
